("quicklisp" .
 (:class qlot/source/dist:source-dist
  :initargs (:distribution "https://beta.quicklisp.org/dist/quicklisp.txt" :%version :latest)
  :version "2024-10-12"))
("fiveam" .
 (:class qlot/source/ql:source-ql
  :initargs (:%version :latest)
  :version "ql-2024-10-12"))
("cl-jingle" .
 (:class qlot/source/ql:source-ql
  :initargs (:%version :latest)
  :version "ql-2023-10-21"))
("cl-ppcre" .
 (:class qlot/source/ql:source-ql
  :initargs (:%version :latest)
  :version "ql-2024-10-12"))
("trivia" .
 (:class qlot/source/ql:source-ql
  :initargs (:%version :latest)
  :version "ql-2024-10-12"))
("cl-str" .
 (:class qlot/source/ql:source-ql
  :initargs (:%version :latest)
  :version "ql-2024-10-12"))
("quri" .
 (:class qlot/source/ql:source-ql
  :initargs (:%version :latest)
  :version "ql-2024-10-12"))
("clack" .
 (:class qlot/source/ql:source-ql
  :initargs (:%version :latest)
  :version "ql-2024-10-12"))
("hsx" .
 (:class qlot/source/git:source-git
  :initargs (:remote-url "https://github.com/skyizwhite/hsx.git")
  :version "git-4ff1c97e3ff727aa332995f5be4dcfb138a45d5f"))
("ningle-fbr" .
 (:class qlot/source/git:source-git
  :initargs (:remote-url "https://github.com/skyizwhite/ningle-fbr.git")
  :version "git-bc87e5de01959cd99364bc14ad3eaf88e52e4478"))
("lack-mw" .
 (:class qlot/source/git:source-git
  :initargs (:remote-url "https://github.com/skyizwhite/lack-mw.git")
  :version "git-77a0f436635e5beadaba3765492832704a015a3c"))
("trivial-backtrace" .
 (:class qlot/source/git:source-git
  :initargs (:remote-url "https://github.com/hraban/trivial-backtrace.git")
  :version "git-7f90b4a4144775cca0728791e4b92ac2557b07a1"))
