("quicklisp" .
 (:class qlot/source/dist:source-dist
  :initargs (:distribution "https://beta.quicklisp.org/dist/quicklisp.txt" :%version :latest)
  :version "2023-10-21"))
("wild-package-inferred-system" .
 (:class qlot/source/ql:source-ql
  :initargs (:%version :latest)
  :version "ql-2023-10-21"))
("fiveam" .
 (:class qlot/source/ql:source-ql
  :initargs (:%version :latest)
  :version "ql-2023-10-21"))
("cl-jingle" .
 (:class qlot/source/ql:source-ql
  :initargs (:%version :latest)
  :version "ql-2023-10-21"))
("piccolo" .
 (:class qlot/source/git:source-git
  :initargs (:remote-url "https://github.com/skyizwhite/piccolo.git")
  :version "git-4fd887fc1bff812f10e57aca8011166f0b6a8c6d"))
("ningle-fbr" .
 (:class qlot/source/git:source-git
  :initargs (:remote-url "https://github.com/skyizwhite/ningle-fbr.git")
  :version "git-438030b0b89dc706c37932616e6bf82d0416ea26"))
