("quicklisp" .
 (:class qlot/source/dist:source-dist
  :initargs (:distribution "https://beta.quicklisp.org/dist/quicklisp.txt" :%version :latest)
  :version "2025-06-22"))
("skyizwhite-hsx" .
 (:class qlot/source/ultralisp:source-ultralisp
  :initargs (:%version :latest)
  :version "ultralisp-20251229042000"))
("skyizwhite-ningle-fbr" .
 (:class qlot/source/ultralisp:source-ultralisp
  :initargs (:%version :latest)
  :version "ultralisp-20251229042000"))
("skyizwhite-microcms-lisp-sdk" .
 (:class qlot/source/ultralisp:source-ultralisp
  :initargs (:%version :latest)
  :version "ultralisp-20251229042000"))
("skyizwhite-lack-mw" .
 (:class qlot/source/ultralisp:source-ultralisp
  :initargs (:%version :latest)
  :version "ultralisp-20251229042000"))
("clack" .
 (:class qlot/source/ql:source-ql
  :initargs (:%version :latest)
  :version "ql-2025-06-22"))
("cl-dotenv" .
 (:class qlot/source/ql:source-ql
  :initargs (:%version :latest)
  :version "ql-2018-10-18"))
("clack-errors" .
 (:class qlot/source/ql:source-ql
  :initargs (:%version :latest)
  :version "ql-2019-08-13"))
("local-time" .
 (:class qlot/source/ql:source-ql
  :initargs (:%version :latest)
  :version "ql-2025-06-22"))
("function-cache" .
 (:class qlot/source/ql:source-ql
  :initargs (:%version :latest)
  :version "ql-2023-10-21"))
("access" .
 (:class qlot/source/ql:source-ql
  :initargs (:%version :latest)
  :version "ql-2025-06-22"))
("cl-jingle" .
 (:class qlot/source/github:source-github
  :initargs (:repos "dnaeon/cl-jingle" :ref nil :branch nil :tag nil)
  :version "github-1843700188d8d7265f203b704e214f2cfca5baa9"))
